
Microsoft Visual Studio Solution File, Format Version 12.00
# Visual Studio Version 17
VisualStudioVersion = 17.5.33424.131
MinimumVisualStudioVersion = 10.0.40219.1
Project("{FAE04EC0-301F-11D3-BF4B-00C04F79EFBC}") = "pet-shop", "pet-shop\pet-shop.csproj", "{6AB19E09-919C-42CF-BCDA-50D6E3474360}"
EndProject
Global
	GlobalSection(SolutionConfigurationPlatforms) = preSolution
		Debug|Any CPU = Debug|Any CPU
		Release|Any CPU = Release|Any CPU
	EndGlobalSection
	GlobalSection(ProjectConfigurationPlatforms) = postSolution
		{6AB19E09-919C-42CF-BCDA-50D6E3474360}.Debug|Any CPU.ActiveCfg = Debug|Any CPU
		{6AB19E09-919C-42CF-BCDA-50D6E3474360}.Debug|Any CPU.Build.0 = Debug|Any CPU
		{6AB19E09-919C-42CF-BCDA-50D6E3474360}.Release|Any CPU.ActiveCfg = Release|Any CPU
		{6AB19E09-919C-42CF-BCDA-50D6E3474360}.Release|Any CPU.Build.0 = Release|Any CPU
	EndGlobalSection
	GlobalSection(SolutionProperties) = preSolution
		HideSolutionNode = FALSE
	EndGlobalSection
	GlobalSection(ExtensibilityGlobals) = postSolution
		SolutionGuid = {559C3026-EBFB-46FB-8790-47A97FA939DB}
	EndGlobalSection
EndGlobal
